// !$*UTF8*$!
{
	archiveVersion = 1;
	classes = {
	};
	objectVersion = 56;
	objects = {

/* Begin PBXBuildFile section */
		C109EF9229523AAB00FC266C /* AppDelegate.swift in Sources */ = {isa = PBXBuildFile; fileRef = C109EF9129523AAB00FC266C /* AppDelegate.swift */; };
		C109EF9429523AAB00FC266C /* SceneDelegate.swift in Sources */ = {isa = PBXBuildFile; fileRef = C109EF9329523AAB00FC266C /* SceneDelegate.swift */; };
		C109EF9C29523AAB00FC266C /* ios_combine.xcdatamodeld in Sources */ = {isa = PBXBuildFile; fileRef = C109EF9A29523AAB00FC266C /* ios_combine.xcdatamodeld */; };
		C109EF9E29523AAB00FC266C /* Assets.xcassets in Resources */ = {isa = PBXBuildFile; fileRef = C109EF9D29523AAB00FC266C /* Assets.xcassets */; };
		C109EFA129523AAB00FC266C /* LaunchScreen.storyboard in Resources */ = {isa = PBXBuildFile; fileRef = C109EF9F29523AAB00FC266C /* LaunchScreen.storyboard */; };
		C1120357295C92CF002DFF3A /* Container.swift in Sources */ = {isa = PBXBuildFile; fileRef = C1120356295C92CF002DFF3A /* Container.swift */; };
		C112035D295C92FE002DFF3A /* HomeViewController.swift in Sources */ = {isa = PBXBuildFile; fileRef = C112035C295C92FE002DFF3A /* HomeViewController.swift */; };
		C112035F295C9308002DFF3A /* HomeViewModel.swift in Sources */ = {isa = PBXBuildFile; fileRef = C112035E295C9308002DFF3A /* HomeViewModel.swift */; };
		C1120361295C9312002DFF3A /* HomeProtocols.swift in Sources */ = {isa = PBXBuildFile; fileRef = C1120360295C9312002DFF3A /* HomeProtocols.swift */; };
		C1120363295C931C002DFF3A /* HomeRouter.swift in Sources */ = {isa = PBXBuildFile; fileRef = C1120362295C931C002DFF3A /* HomeRouter.swift */; };
		C1120365295C932C002DFF3A /* HomeViewController.xib in Resources */ = {isa = PBXBuildFile; fileRef = C1120364295C932C002DFF3A /* HomeViewController.xib */; };
		C128CA77295EFDF500F1F192 /* HomeBuilder.swift in Sources */ = {isa = PBXBuildFile; fileRef = C128CA76295EFDF500F1F192 /* HomeBuilder.swift */; };
		C128CA82295F009800F1F192 /* DataResponseDTO.swift in Sources */ = {isa = PBXBuildFile; fileRef = C128CA7A295F009800F1F192 /* DataResponseDTO.swift */; };
		C128CA83295F009800F1F192 /* CryptoDTO.swift in Sources */ = {isa = PBXBuildFile; fileRef = C128CA7B295F009800F1F192 /* CryptoDTO.swift */; };
		C128CA84295F009800F1F192 /* CryptoRepository.swift in Sources */ = {isa = PBXBuildFile; fileRef = C128CA7D295F009800F1F192 /* CryptoRepository.swift */; };
		C128CA85295F009800F1F192 /* CryptoNetworkClient.swift in Sources */ = {isa = PBXBuildFile; fileRef = C128CA7F295F009800F1F192 /* CryptoNetworkClient.swift */; };
		C128CA8F295F00BE00F1F192 /* CryptoUseCase.swift in Sources */ = {isa = PBXBuildFile; fileRef = C128CA8C295F00BE00F1F192 /* CryptoUseCase.swift */; };
		C128CA932960347100F1F192 /* CryptoCell.swift in Sources */ = {isa = PBXBuildFile; fileRef = C128CA912960347100F1F192 /* CryptoCell.swift */; };
		C128CA942960347100F1F192 /* CryptoCell.xib in Resources */ = {isa = PBXBuildFile; fileRef = C128CA922960347100F1F192 /* CryptoCell.xib */; };
/* End PBXBuildFile section */

/* Begin PBXFileReference section */
		C109EF8E29523AAB00FC266C /* ios-combine.app */ = {isa = PBXFileReference; explicitFileType = wrapper.application; includeInIndex = 0; path = "ios-combine.app"; sourceTree = BUILT_PRODUCTS_DIR; };
		C109EF9129523AAB00FC266C /* AppDelegate.swift */ = {isa = PBXFileReference; lastKnownFileType = sourcecode.swift; path = AppDelegate.swift; sourceTree = "<group>"; };
		C109EF9329523AAB00FC266C /* SceneDelegate.swift */ = {isa = PBXFileReference; lastKnownFileType = sourcecode.swift; path = SceneDelegate.swift; sourceTree = "<group>"; };
		C109EF9B29523AAB00FC266C /* ios_combine.xcdatamodel */ = {isa = PBXFileReference; lastKnownFileType = wrapper.xcdatamodel; path = ios_combine.xcdatamodel; sourceTree = "<group>"; };
		C109EF9D29523AAB00FC266C /* Assets.xcassets */ = {isa = PBXFileReference; lastKnownFileType = folder.assetcatalog; path = Assets.xcassets; sourceTree = "<group>"; };
		C109EFA029523AAB00FC266C /* Base */ = {isa = PBXFileReference; lastKnownFileType = file.storyboard; name = Base; path = Base.lproj/LaunchScreen.storyboard; sourceTree = "<group>"; };
		C109EFA229523AAB00FC266C /* Info.plist */ = {isa = PBXFileReference; lastKnownFileType = text.plist.xml; path = Info.plist; sourceTree = "<group>"; };
		C1120356295C92CF002DFF3A /* Container.swift */ = {isa = PBXFileReference; lastKnownFileType = sourcecode.swift; path = Container.swift; sourceTree = "<group>"; };
		C112035C295C92FE002DFF3A /* HomeViewController.swift */ = {isa = PBXFileReference; lastKnownFileType = sourcecode.swift; path = HomeViewController.swift; sourceTree = "<group>"; };
		C112035E295C9308002DFF3A /* HomeViewModel.swift */ = {isa = PBXFileReference; lastKnownFileType = sourcecode.swift; path = HomeViewModel.swift; sourceTree = "<group>"; };
		C1120360295C9312002DFF3A /* HomeProtocols.swift */ = {isa = PBXFileReference; lastKnownFileType = sourcecode.swift; path = HomeProtocols.swift; sourceTree = "<group>"; };
		C1120362295C931C002DFF3A /* HomeRouter.swift */ = {isa = PBXFileReference; lastKnownFileType = sourcecode.swift; path = HomeRouter.swift; sourceTree = "<group>"; };
		C1120364295C932C002DFF3A /* HomeViewController.xib */ = {isa = PBXFileReference; lastKnownFileType = file.xib; path = HomeViewController.xib; sourceTree = "<group>"; };
		C128CA76295EFDF500F1F192 /* HomeBuilder.swift */ = {isa = PBXFileReference; lastKnownFileType = sourcecode.swift; path = HomeBuilder.swift; sourceTree = "<group>"; };
		C128CA7A295F009800F1F192 /* DataResponseDTO.swift */ = {isa = PBXFileReference; fileEncoding = 4; lastKnownFileType = sourcecode.swift; path = DataResponseDTO.swift; sourceTree = "<group>"; };
		C128CA7B295F009800F1F192 /* CryptoDTO.swift */ = {isa = PBXFileReference; fileEncoding = 4; lastKnownFileType = sourcecode.swift; path = CryptoDTO.swift; sourceTree = "<group>"; };
		C128CA7D295F009800F1F192 /* CryptoRepository.swift */ = {isa = PBXFileReference; fileEncoding = 4; lastKnownFileType = sourcecode.swift; path = CryptoRepository.swift; sourceTree = "<group>"; };
		C128CA7F295F009800F1F192 /* CryptoNetworkClient.swift */ = {isa = PBXFileReference; fileEncoding = 4; lastKnownFileType = sourcecode.swift; path = CryptoNetworkClient.swift; sourceTree = "<group>"; };
		C128CA8C295F00BE00F1F192 /* CryptoUseCase.swift */ = {isa = PBXFileReference; fileEncoding = 4; lastKnownFileType = sourcecode.swift; path = CryptoUseCase.swift; sourceTree = "<group>"; };
		C128CA912960347100F1F192 /* CryptoCell.swift */ = {isa = PBXFileReference; fileEncoding = 4; lastKnownFileType = sourcecode.swift; path = CryptoCell.swift; sourceTree = "<group>"; };
		C128CA922960347100F1F192 /* CryptoCell.xib */ = {isa = PBXFileReference; fileEncoding = 4; lastKnownFileType = file.xib; path = CryptoCell.xib; sourceTree = "<group>"; };
/* End PBXFileReference section */

/* Begin PBXFrameworksBuildPhase section */
		C109EF8B29523AAB00FC266C /* Frameworks */ = {
			isa = PBXFrameworksBuildPhase;
			buildActionMask = 2147483647;
			files = (
			);
			runOnlyForDeploymentPostprocessing = 0;
		};
/* End PBXFrameworksBuildPhase section */

/* Begin PBXGroup section */
		C109EF8529523AAB00FC266C = {
			isa = PBXGroup;
			children = (
				C109EF9029523AAB00FC266C /* ios-combine */,
				C109EF8F29523AAB00FC266C /* Products */,
			);
			sourceTree = "<group>";
		};
		C109EF8F29523AAB00FC266C /* Products */ = {
			isa = PBXGroup;
			children = (
				C109EF8E29523AAB00FC266C /* ios-combine.app */,
			);
			name = Products;
			sourceTree = "<group>";
		};
		C109EF9029523AAB00FC266C /* ios-combine */ = {
			isa = PBXGroup;
			children = (
				C128CA87295F00BE00F1F192 /* Domain */,
				C128CA78295F009800F1F192 /* Data */,
				C1120355295C92C2002DFF3A /* DI */,
				C1120366295C942A002DFF3A /* Resources */,
				C1120358295C92D2002DFF3A /* Presentation */,
			);
			path = "ios-combine";
			sourceTree = "<group>";
		};
		C1120355295C92C2002DFF3A /* DI */ = {
			isa = PBXGroup;
			children = (
				C1120356295C92CF002DFF3A /* Container.swift */,
			);
			path = DI;
			sourceTree = "<group>";
		};
		C1120358295C92D2002DFF3A /* Presentation */ = {
			isa = PBXGroup;
			children = (
				C112035A295C92E3002DFF3A /* Modules */,
				C1120359295C92DD002DFF3A /* App */,
			);
			path = Presentation;
			sourceTree = "<group>";
		};
		C1120359295C92DD002DFF3A /* App */ = {
			isa = PBXGroup;
			children = (
				C109EF9129523AAB00FC266C /* AppDelegate.swift */,
				C109EF9329523AAB00FC266C /* SceneDelegate.swift */,
			);
			path = App;
			sourceTree = "<group>";
		};
		C112035A295C92E3002DFF3A /* Modules */ = {
			isa = PBXGroup;
			children = (
				C112035B295C92E9002DFF3A /* Home */,
			);
			path = Modules;
			sourceTree = "<group>";
		};
		C112035B295C92E9002DFF3A /* Home */ = {
			isa = PBXGroup;
			children = (
				C128CA902960347100F1F192 /* Cell */,
				C112035C295C92FE002DFF3A /* HomeViewController.swift */,
				C112035E295C9308002DFF3A /* HomeViewModel.swift */,
				C1120360295C9312002DFF3A /* HomeProtocols.swift */,
				C1120362295C931C002DFF3A /* HomeRouter.swift */,
				C1120364295C932C002DFF3A /* HomeViewController.xib */,
				C128CA76295EFDF500F1F192 /* HomeBuilder.swift */,
			);
			path = Home;
			sourceTree = "<group>";
		};
		C1120366295C942A002DFF3A /* Resources */ = {
			isa = PBXGroup;
			children = (
				C109EF9D29523AAB00FC266C /* Assets.xcassets */,
				C109EFA229523AAB00FC266C /* Info.plist */,
				C109EF9A29523AAB00FC266C /* ios_combine.xcdatamodeld */,
				C109EF9F29523AAB00FC266C /* LaunchScreen.storyboard */,
			);
			path = Resources;
			sourceTree = "<group>";
		};
		C128CA78295F009800F1F192 /* Data */ = {
			isa = PBXGroup;
			children = (
				C128CA79295F009800F1F192 /* DTO */,
				C128CA7C295F009800F1F192 /* Repository */,
				C128CA7E295F009800F1F192 /* Network */,
			);
			path = Data;
			sourceTree = "<group>";
		};
		C128CA79295F009800F1F192 /* DTO */ = {
			isa = PBXGroup;
			children = (
				C128CA7A295F009800F1F192 /* DataResponseDTO.swift */,
				C128CA7B295F009800F1F192 /* CryptoDTO.swift */,
			);
			path = DTO;
			sourceTree = "<group>";
		};
		C128CA7C295F009800F1F192 /* Repository */ = {
			isa = PBXGroup;
			children = (
				C128CA7D295F009800F1F192 /* CryptoRepository.swift */,
			);
			path = Repository;
			sourceTree = "<group>";
		};
		C128CA7E295F009800F1F192 /* Network */ = {
			isa = PBXGroup;
			children = (
				C128CA7F295F009800F1F192 /* CryptoNetworkClient.swift */,
			);
			path = Network;
			sourceTree = "<group>";
		};
		C128CA87295F00BE00F1F192 /* Domain */ = {
			isa = PBXGroup;
			children = (
				C128CA8B295F00BE00F1F192 /* UseCase */,
			);
			path = Domain;
			sourceTree = "<group>";
		};
		C128CA8B295F00BE00F1F192 /* UseCase */ = {
			isa = PBXGroup;
			children = (
				C128CA8C295F00BE00F1F192 /* CryptoUseCase.swift */,
			);
			path = UseCase;
			sourceTree = "<group>";
		};
		C128CA902960347100F1F192 /* Cell */ = {
			isa = PBXGroup;
			children = (
				C128CA912960347100F1F192 /* CryptoCell.swift */,
				C128CA922960347100F1F192 /* CryptoCell.xib */,
			);
			path = Cell;
			sourceTree = "<group>";
		};
/* End PBXGroup section */

/* Begin PBXNativeTarget section */
		C109EF8D29523AAB00FC266C /* ios-combine */ = {
			isa = PBXNativeTarget;
			buildConfigurationList = C109EFA529523AAB00FC266C /* Build configuration list for PBXNativeTarget "ios-combine" */;
			buildPhases = (
				C109EF8A29523AAB00FC266C /* Sources */,
				C109EF8B29523AAB00FC266C /* Frameworks */,
				C109EF8C29523AAB00FC266C /* Resources */,
			);
			buildRules = (
			);
			dependencies = (
			);
			name = "ios-combine";
			productName = "ios-combine";
			productReference = C109EF8E29523AAB00FC266C /* ios-combine.app */;
			productType = "com.apple.product-type.application";
		};
/* End PBXNativeTarget section */

/* Begin PBXProject section */
		C109EF8629523AAB00FC266C /* Project object */ = {
			isa = PBXProject;
			attributes = {
				BuildIndependentTargetsInParallel = 1;
				LastSwiftUpdateCheck = 1420;
				LastUpgradeCheck = 1420;
				TargetAttributes = {
					C109EF8D29523AAB00FC266C = {
						CreatedOnToolsVersion = 14.2;
					};
				};
			};
			buildConfigurationList = C109EF8929523AAB00FC266C /* Build configuration list for PBXProject "ios-combine" */;
			compatibilityVersion = "Xcode 14.0";
			developmentRegion = en;
			hasScannedForEncodings = 0;
			knownRegions = (
				en,
				Base,
			);
			mainGroup = C109EF8529523AAB00FC266C;
			productRefGroup = C109EF8F29523AAB00FC266C /* Products */;
			projectDirPath = "";
			projectRoot = "";
			targets = (
				C109EF8D29523AAB00FC266C /* ios-combine */,
			);
		};
/* End PBXProject section */

/* Begin PBXResourcesBuildPhase section */
		C109EF8C29523AAB00FC266C /* Resources */ = {
			isa = PBXResourcesBuildPhase;
			buildActionMask = 2147483647;
			files = (
				C128CA942960347100F1F192 /* CryptoCell.xib in Resources */,
				C109EFA129523AAB00FC266C /* LaunchScreen.storyboard in Resources */,
				C109EF9E29523AAB00FC266C /* Assets.xcassets in Resources */,
				C1120365295C932C002DFF3A /* HomeViewController.xib in Resources */,
			);
			runOnlyForDeploymentPostprocessing = 0;
		};
/* End PBXResourcesBuildPhase section */

/* Begin PBXSourcesBuildPhase section */
		C109EF8A29523AAB00FC266C /* Sources */ = {
			isa = PBXSourcesBuildPhase;
			buildActionMask = 2147483647;
			files = (
				C109EF9229523AAB00FC266C /* AppDelegate.swift in Sources */,
				C128CA85295F009800F1F192 /* CryptoNetworkClient.swift in Sources */,
				C128CA932960347100F1F192 /* CryptoCell.swift in Sources */,
				C128CA83295F009800F1F192 /* CryptoDTO.swift in Sources */,
				C112035F295C9308002DFF3A /* HomeViewModel.swift in Sources */,
				C1120357295C92CF002DFF3A /* Container.swift in Sources */,
				C1120361295C9312002DFF3A /* HomeProtocols.swift in Sources */,
				C109EF9429523AAB00FC266C /* SceneDelegate.swift in Sources */,
				C128CA8F295F00BE00F1F192 /* CryptoUseCase.swift in Sources */,
				C128CA84295F009800F1F192 /* CryptoRepository.swift in Sources */,
				C109EF9C29523AAB00FC266C /* ios_combine.xcdatamodeld in Sources */,
				C128CA82295F009800F1F192 /* DataResponseDTO.swift in Sources */,
				C128CA77295EFDF500F1F192 /* HomeBuilder.swift in Sources */,
				C1120363295C931C002DFF3A /* HomeRouter.swift in Sources */,
				C112035D295C92FE002DFF3A /* HomeViewController.swift in Sources */,
			);
			runOnlyForDeploymentPostprocessing = 0;
		};
/* End PBXSourcesBuildPhase section */

/* Begin PBXVariantGroup section */
		C109EF9F29523AAB00FC266C /* LaunchScreen.storyboard */ = {
			isa = PBXVariantGroup;
			children = (
				C109EFA029523AAB00FC266C /* Base */,
			);
			name = LaunchScreen.storyboard;
			sourceTree = "<group>";
		};
/* End PBXVariantGroup section */

/* Begin XCBuildConfiguration section */
		C109EFA329523AAB00FC266C /* Debug */ = {
			isa = XCBuildConfiguration;
			buildSettings = {
				ALWAYS_SEARCH_USER_PATHS = NO;
				CLANG_ANALYZER_NONNULL = YES;
				CLANG_ANALYZER_NUMBER_OBJECT_CONVERSION = YES_AGGRESSIVE;
				CLANG_CXX_LANGUAGE_STANDARD = "gnu++20";
				CLANG_ENABLE_MODULES = YES;
				CLANG_ENABLE_OBJC_ARC = YES;
				CLANG_ENABLE_OBJC_WEAK = YES;
				CLANG_WARN_BLOCK_CAPTURE_AUTORELEASING = YES;
				CLANG_WARN_BOOL_CONVERSION = YES;
				CLANG_WARN_COMMA = YES;
				CLANG_WARN_CONSTANT_CONVERSION = YES;
				CLANG_WARN_DEPRECATED_OBJC_IMPLEMENTATIONS = YES;
				CLANG_WARN_DIRECT_OBJC_ISA_USAGE = YES_ERROR;
				CLANG_WARN_DOCUMENTATION_COMMENTS = YES;
				CLANG_WARN_EMPTY_BODY = YES;
				CLANG_WARN_ENUM_CONVERSION = YES;
				CLANG_WARN_INFINITE_RECURSION = YES;
				CLANG_WARN_INT_CONVERSION = YES;
				CLANG_WARN_NON_LITERAL_NULL_CONVERSION = YES;
				CLANG_WARN_OBJC_IMPLICIT_RETAIN_SELF = YES;
				CLANG_WARN_OBJC_LITERAL_CONVERSION = YES;
				CLANG_WARN_OBJC_ROOT_CLASS = YES_ERROR;
				CLANG_WARN_QUOTED_INCLUDE_IN_FRAMEWORK_HEADER = YES;
				CLANG_WARN_RANGE_LOOP_ANALYSIS = YES;
				CLANG_WARN_STRICT_PROTOTYPES = YES;
				CLANG_WARN_SUSPICIOUS_MOVE = YES;
				CLANG_WARN_UNGUARDED_AVAILABILITY = YES_AGGRESSIVE;
				CLANG_WARN_UNREACHABLE_CODE = YES;
				CLANG_WARN__DUPLICATE_METHOD_MATCH = YES;
				COPY_PHASE_STRIP = NO;
				DEBUG_INFORMATION_FORMAT = dwarf;
				ENABLE_STRICT_OBJC_MSGSEND = YES;
				ENABLE_TESTABILITY = YES;
				GCC_C_LANGUAGE_STANDARD = gnu11;
				GCC_DYNAMIC_NO_PIC = NO;
				GCC_NO_COMMON_BLOCKS = YES;
				GCC_OPTIMIZATION_LEVEL = 0;
				GCC_PREPROCESSOR_DEFINITIONS = (
					"DEBUG=1",
					"$(inherited)",
				);
				GCC_WARN_64_TO_32_BIT_CONVERSION = YES;
				GCC_WARN_ABOUT_RETURN_TYPE = YES_ERROR;
				GCC_WARN_UNDECLARED_SELECTOR = YES;
				GCC_WARN_UNINITIALIZED_AUTOS = YES_AGGRESSIVE;
				GCC_WARN_UNUSED_FUNCTION = YES;
				GCC_WARN_UNUSED_VARIABLE = YES;
				IPHONEOS_DEPLOYMENT_TARGET = 16.2;
				MTL_ENABLE_DEBUG_INFO = INCLUDE_SOURCE;
				MTL_FAST_MATH = YES;
				ONLY_ACTIVE_ARCH = YES;
				SDKROOT = iphoneos;
				SWIFT_ACTIVE_COMPILATION_CONDITIONS = DEBUG;
				SWIFT_OPTIMIZATION_LEVEL = "-Onone";
			};
			name = Debug;
		};
		C109EFA429523AAB00FC266C /* Release */ = {
			isa = XCBuildConfiguration;
			buildSettings = {
				ALWAYS_SEARCH_USER_PATHS = NO;
				CLANG_ANALYZER_NONNULL = YES;
				CLANG_ANALYZER_NUMBER_OBJECT_CONVERSION = YES_AGGRESSIVE;
				CLANG_CXX_LANGUAGE_STANDARD = "gnu++20";
				CLANG_ENABLE_MODULES = YES;
				CLANG_ENABLE_OBJC_ARC = YES;
				CLANG_ENABLE_OBJC_WEAK = YES;
				CLANG_WARN_BLOCK_CAPTURE_AUTORELEASING = YES;
				CLANG_WARN_BOOL_CONVERSION = YES;
				CLANG_WARN_COMMA = YES;
				CLANG_WARN_CONSTANT_CONVERSION = YES;
				CLANG_WARN_DEPRECATED_OBJC_IMPLEMENTATIONS = YES;
				CLANG_WARN_DIRECT_OBJC_ISA_USAGE = YES_ERROR;
				CLANG_WARN_DOCUMENTATION_COMMENTS = YES;
				CLANG_WARN_EMPTY_BODY = YES;
				CLANG_WARN_ENUM_CONVERSION = YES;
				CLANG_WARN_INFINITE_RECURSION = YES;
				CLANG_WARN_INT_CONVERSION = YES;
				CLANG_WARN_NON_LITERAL_NULL_CONVERSION = YES;
				CLANG_WARN_OBJC_IMPLICIT_RETAIN_SELF = YES;
				CLANG_WARN_OBJC_LITERAL_CONVERSION = YES;
				CLANG_WARN_OBJC_ROOT_CLASS = YES_ERROR;
				CLANG_WARN_QUOTED_INCLUDE_IN_FRAMEWORK_HEADER = YES;
				CLANG_WARN_RANGE_LOOP_ANALYSIS = YES;
				CLANG_WARN_STRICT_PROTOTYPES = YES;
				CLANG_WARN_SUSPICIOUS_MOVE = YES;
				CLANG_WARN_UNGUARDED_AVAILABILITY = YES_AGGRESSIVE;
				CLANG_WARN_UNREACHABLE_CODE = YES;
				CLANG_WARN__DUPLICATE_METHOD_MATCH = YES;
				COPY_PHASE_STRIP = NO;
				DEBUG_INFORMATION_FORMAT = "dwarf-with-dsym";
				ENABLE_NS_ASSERTIONS = NO;
				ENABLE_STRICT_OBJC_MSGSEND = YES;
				GCC_C_LANGUAGE_STANDARD = gnu11;
				GCC_NO_COMMON_BLOCKS = YES;
				GCC_WARN_64_TO_32_BIT_CONVERSION = YES;
				GCC_WARN_ABOUT_RETURN_TYPE = YES_ERROR;
				GCC_WARN_UNDECLARED_SELECTOR = YES;
				GCC_WARN_UNINITIALIZED_AUTOS = YES_AGGRESSIVE;
				GCC_WARN_UNUSED_FUNCTION = YES;
				GCC_WARN_UNUSED_VARIABLE = YES;
				IPHONEOS_DEPLOYMENT_TARGET = 16.2;
				MTL_ENABLE_DEBUG_INFO = NO;
				MTL_FAST_MATH = YES;
				SDKROOT = iphoneos;
				SWIFT_COMPILATION_MODE = wholemodule;
				SWIFT_OPTIMIZATION_LEVEL = "-O";
				VALIDATE_PRODUCT = YES;
			};
			name = Release;
		};
		C109EFA629523AAB00FC266C /* Debug */ = {
			isa = XCBuildConfiguration;
			buildSettings = {
				ASSETCATALOG_COMPILER_APPICON_NAME = AppIcon;
				ASSETCATALOG_COMPILER_GLOBAL_ACCENT_COLOR_NAME = AccentColor;
				CODE_SIGN_STYLE = Automatic;
				CURRENT_PROJECT_VERSION = 1;
				DEVELOPMENT_TEAM = R88CDNMKLQ;
				GENERATE_INFOPLIST_FILE = YES;
				INFOPLIST_FILE = "ios-combine/Resources/Info.plist";
				INFOPLIST_KEY_UIApplicationSupportsIndirectInputEvents = YES;
				INFOPLIST_KEY_UILaunchStoryboardName = LaunchScreen;
				INFOPLIST_KEY_UIMainStoryboardFile = "";
				INFOPLIST_KEY_UISupportedInterfaceOrientations_iPad = "UIInterfaceOrientationPortrait UIInterfaceOrientationPortraitUpsideDown UIInterfaceOrientationLandscapeLeft UIInterfaceOrientationLandscapeRight";
				INFOPLIST_KEY_UISupportedInterfaceOrientations_iPhone = "UIInterfaceOrientationPortrait UIInterfaceOrientationLandscapeLeft UIInterfaceOrientationLandscapeRight";
				LD_RUNPATH_SEARCH_PATHS = (
					"$(inherited)",
					"@executable_path/Frameworks",
				);
				MARKETING_VERSION = 1.0;
				PRODUCT_BUNDLE_IDENTIFIER = "es.fernandosalom.ios-combine";
				PRODUCT_NAME = "$(TARGET_NAME)";
				SWIFT_EMIT_LOC_STRINGS = YES;
				SWIFT_VERSION = 5.0;
				TARGETED_DEVICE_FAMILY = "1,2";
			};
			name = Debug;
		};
		C109EFA729523AAB00FC266C /* Release */ = {
			isa = XCBuildConfiguration;
			buildSettings = {
				ASSETCATALOG_COMPILER_APPICON_NAME = AppIcon;
				ASSETCATALOG_COMPILER_GLOBAL_ACCENT_COLOR_NAME = AccentColor;
				CODE_SIGN_STYLE = Automatic;
				CURRENT_PROJECT_VERSION = 1;
				DEVELOPMENT_TEAM = R88CDNMKLQ;
				GENERATE_INFOPLIST_FILE = YES;
				INFOPLIST_FILE = "ios-combine/Resources/Info.plist";
				INFOPLIST_KEY_UIApplicationSupportsIndirectInputEvents = YES;
				INFOPLIST_KEY_UILaunchStoryboardName = LaunchScreen;
				INFOPLIST_KEY_UIMainStoryboardFile = "";
				INFOPLIST_KEY_UISupportedInterfaceOrientations_iPad = "UIInterfaceOrientationPortrait UIInterfaceOrientationPortraitUpsideDown UIInterfaceOrientationLandscapeLeft UIInterfaceOrientationLandscapeRight";
				INFOPLIST_KEY_UISupportedInterfaceOrientations_iPhone = "UIInterfaceOrientationPortrait UIInterfaceOrientationLandscapeLeft UIInterfaceOrientationLandscapeRight";
				LD_RUNPATH_SEARCH_PATHS = (
					"$(inherited)",
					"@executable_path/Frameworks",
				);
				MARKETING_VERSION = 1.0;
				PRODUCT_BUNDLE_IDENTIFIER = "es.fernandosalom.ios-combine";
				PRODUCT_NAME = "$(TARGET_NAME)";
				SWIFT_EMIT_LOC_STRINGS = YES;
				SWIFT_VERSION = 5.0;
				TARGETED_DEVICE_FAMILY = "1,2";
			};
			name = Release;
		};
/* End XCBuildConfiguration section */

/* Begin XCConfigurationList section */
		C109EF8929523AAB00FC266C /* Build configuration list for PBXProject "ios-combine" */ = {
			isa = XCConfigurationList;
			buildConfigurations = (
				C109EFA329523AAB00FC266C /* Debug */,
				C109EFA429523AAB00FC266C /* Release */,
			);
			defaultConfigurationIsVisible = 0;
			defaultConfigurationName = Release;
		};
		C109EFA529523AAB00FC266C /* Build configuration list for PBXNativeTarget "ios-combine" */ = {
			isa = XCConfigurationList;
			buildConfigurations = (
				C109EFA629523AAB00FC266C /* Debug */,
				C109EFA729523AAB00FC266C /* Release */,
			);
			defaultConfigurationIsVisible = 0;
			defaultConfigurationName = Release;
		};
/* End XCConfigurationList section */

/* Begin XCVersionGroup section */
		C109EF9A29523AAB00FC266C /* ios_combine.xcdatamodeld */ = {
			isa = XCVersionGroup;
			children = (
				C109EF9B29523AAB00FC266C /* ios_combine.xcdatamodel */,
			);
			currentVersion = C109EF9B29523AAB00FC266C /* ios_combine.xcdatamodel */;
			path = ios_combine.xcdatamodeld;
			sourceTree = "<group>";
			versionGroupType = wrapper.xcdatamodel;
		};
/* End XCVersionGroup section */
	};
	rootObject = C109EF8629523AAB00FC266C /* Project object */;
}
